
Microsoft Visual Studio Solution File, Format Version 12.00
# Visual Studio Version 17
VisualStudioVersion = 17.11.35327.3
MinimumVisualStudioVersion = 10.0.40219.1
Project("{FAE04EC0-301F-11D3-BF4B-00C04F79EFBC}") = "StocksDataImport", "StocksDataImport.csproj", "{7153F89B-12A9-4D2A-B98E-55B6F1BA976A}"
EndProject
Project("{2150E333-8FDC-42A3-9474-1A3956D46DE8}") = "Data", "Data", "{3057D5A7-3A1F-48B4-ACDB-228645D85682}"
EndProject
Project("{2150E333-8FDC-42A3-9474-1A3956D46DE8}") = "API", "API", "{B2EF01AC-50E9-4546-9D97-35326668BFDA}"
EndProject
Project("{2150E333-8FDC-42A3-9474-1A3956D46DE8}") = "UI", "UI", "{B19ED480-6E54-42E4-8A92-0CDCA2AD8F58}"
EndProject
Project("{FAE04EC0-301F-11D3-BF4B-00C04F79EFBC}") = "StockData", "..\StockData\StockData.csproj", "{FED2C407-6172-469A-A169-AC1B8DDCBC18}"
EndProject
Global
	GlobalSection(SolutionConfigurationPlatforms) = preSolution
		Debug|Any CPU = Debug|Any CPU
		Release|Any CPU = Release|Any CPU
	EndGlobalSection
	GlobalSection(ProjectConfigurationPlatforms) = postSolution
		{7153F89B-12A9-4D2A-B98E-55B6F1BA976A}.Debug|Any CPU.ActiveCfg = Debug|Any CPU
		{7153F89B-12A9-4D2A-B98E-55B6F1BA976A}.Debug|Any CPU.Build.0 = Debug|Any CPU
		{7153F89B-12A9-4D2A-B98E-55B6F1BA976A}.Release|Any CPU.ActiveCfg = Release|Any CPU
		{7153F89B-12A9-4D2A-B98E-55B6F1BA976A}.Release|Any CPU.Build.0 = Release|Any CPU
		{FED2C407-6172-469A-A169-AC1B8DDCBC18}.Debug|Any CPU.ActiveCfg = Debug|Any CPU
		{FED2C407-6172-469A-A169-AC1B8DDCBC18}.Debug|Any CPU.Build.0 = Debug|Any CPU
		{FED2C407-6172-469A-A169-AC1B8DDCBC18}.Release|Any CPU.ActiveCfg = Release|Any CPU
		{FED2C407-6172-469A-A169-AC1B8DDCBC18}.Release|Any CPU.Build.0 = Release|Any CPU
	EndGlobalSection
	GlobalSection(SolutionProperties) = preSolution
		HideSolutionNode = FALSE
	EndGlobalSection
	GlobalSection(NestedProjects) = preSolution
		{7153F89B-12A9-4D2A-B98E-55B6F1BA976A} = {3057D5A7-3A1F-48B4-ACDB-228645D85682}
		{FED2C407-6172-469A-A169-AC1B8DDCBC18} = {3057D5A7-3A1F-48B4-ACDB-228645D85682}
	EndGlobalSection
	GlobalSection(ExtensibilityGlobals) = postSolution
		SolutionGuid = {DF7C0915-7AD9-4E06-B9F8-D789B841C853}
	EndGlobalSection
EndGlobal
